
Microsoft Visual Studio Solution File, Format Version 12.00
# Visual Studio Version 17
VisualStudioVersion = 17.5.33516.290
MinimumVisualStudioVersion = 10.0.40219.1
Project("{FAE04EC0-301F-11D3-BF4B-00C04F79EFBC}") = "HelloPlanet2", "HelloPlanet2\HelloPlanet2.csproj", "{5134CBE7-3A97-472D-BB13-BF2E810FA7F6}"
EndProject
Global
	GlobalSection(SolutionConfigurationPlatforms) = preSolution
		Debug|Any CPU = Debug|Any CPU
		Release|Any CPU = Release|Any CPU
	EndGlobalSection
	GlobalSection(ProjectConfigurationPlatforms) = postSolution
		{5134CBE7-3A97-472D-BB13-BF2E810FA7F6}.Debug|Any CPU.ActiveCfg = Debug|Any CPU
		{5134CBE7-3A97-472D-BB13-BF2E810FA7F6}.Debug|Any CPU.Build.0 = Debug|Any CPU
		{5134CBE7-3A97-472D-BB13-BF2E810FA7F6}.Release|Any CPU.ActiveCfg = Release|Any CPU
		{5134CBE7-3A97-472D-BB13-BF2E810FA7F6}.Release|Any CPU.Build.0 = Release|Any CPU
	EndGlobalSection
	GlobalSection(SolutionProperties) = preSolution
		HideSolutionNode = FALSE
	EndGlobalSection
	GlobalSection(ExtensibilityGlobals) = postSolution
		SolutionGuid = {78E97E4F-B74B-4D4E-BA93-B0EBF04656DA}
	EndGlobalSection
EndGlobal
